
Microsoft Visual Studio Solution File, Format Version 12.00
# Visual Studio Version 16
VisualStudioVersion = 16.0.31702.278
MinimumVisualStudioVersion = 10.0.40219.1
Project("{FAE04EC0-301F-11D3-BF4B-00C04F79EFBC}") = "practica1", "practica1\practica1.csproj", "{8B6F70AB-BE80-424A-820B-5B37B4BB131A}"
EndProject
Global
	GlobalSection(SolutionConfigurationPlatforms) = preSolution
		Debug|Any CPU = Debug|Any CPU
		Release|Any CPU = Release|Any CPU
	EndGlobalSection
	GlobalSection(ProjectConfigurationPlatforms) = postSolution
		{8B6F70AB-BE80-424A-820B-5B37B4BB131A}.Debug|Any CPU.ActiveCfg = Debug|Any CPU
		{8B6F70AB-BE80-424A-820B-5B37B4BB131A}.Debug|Any CPU.Build.0 = Debug|Any CPU
		{8B6F70AB-BE80-424A-820B-5B37B4BB131A}.Release|Any CPU.ActiveCfg = Release|Any CPU
		{8B6F70AB-BE80-424A-820B-5B37B4BB131A}.Release|Any CPU.Build.0 = Release|Any CPU
	EndGlobalSection
	GlobalSection(SolutionProperties) = preSolution
		HideSolutionNode = FALSE
	EndGlobalSection
	GlobalSection(ExtensibilityGlobals) = postSolution
		SolutionGuid = {6A5E1FAA-D027-4977-A7F1-49F01121CECA}
	EndGlobalSection
EndGlobal
